{
  "name": "@charlie_lau/github-trending",
  "version": "1.0.0",
  "lockfileVersion": 1,
  "requires": true,
  "dependencies": {
    "@types/node": {
      "version": "20.4.2",
      "resolved": "http://r.npm.sankuai.com/@types/node/download/@types/node-20.4.2.tgz",
      "integrity": "sha1-EpzJrmn5OCT5L6xlPuv7SBKrSvk=",
      "dev": true
    },
    "asynckit": {
      "version": "0.4.0",
      "resolved": "http://r.npm.sankuai.com/asynckit/download/asynckit-0.4.0.tgz",
      "integrity": "sha1-x57Zf380y48robyXkLzDZkdLS3k="
    },
    "axios": {
      "version": "1.4.0",
      "requires": {
        "follow-redirects": "^1.15.0",
        "form-data": "^4.0.0",
        "proxy-from-env": "^1.1.0"
      }
    },
    "boolbase": {
      "version": "1.0.0",
      "resolved": "http://r.npm.sankuai.com/boolbase/download/boolbase-1.0.0.tgz",
      "integrity": "sha1-aN/1++YMUes3cl6p4+0xDcwed24="
    },
    "cheerio": {
      "version": "1.0.0-rc.12",
      "requires": {
        "cheerio-select": "^2.1.0",
        "dom-serializer": "^2.0.0",
        "domhandler": "^5.0.3",
        "domutils": "^3.0.1",
        "htmlparser2": "^8.0.1",
        "parse5": "^7.0.0",
        "parse5-htmlparser2-tree-adapter": "^7.0.0"
      }
    },
    "cheerio-select": {
      "version": "2.1.0",
      "resolved": "http://r.npm.sankuai.com/cheerio-select/download/cheerio-select-2.1.0.tgz",
      "integrity": "sha1-TYZzKGuBJsoqjkJ0DV48SISuIbQ=",
      "requires": {
        "boolbase": "^1.0.0",
        "css-select": "^5.1.0",
        "css-what": "^6.1.0",
        "domelementtype": "^2.3.0",
        "domhandler": "^5.0.3",
        "domutils": "^3.0.1"
      }
    },
    "combined-stream": {
      "version": "1.0.8",
      "resolved": "http://r.npm.sankuai.com/combined-stream/download/combined-stream-1.0.8.tgz",
      "integrity": "sha1-w9RaizT9cwYxoRCoolIGgrMdWn8=",
      "requires": {
        "delayed-stream": "~1.0.0"
      }
    },
    "css-select": {
      "version": "5.1.0",
      "resolved": "http://r.npm.sankuai.com/css-select/download/css-select-5.1.0.tgz",
      "integrity": "sha1-uOvWVUw2N8zHZoiAStP2pv2uqKY=",
      "requires": {
        "boolbase": "^1.0.0",
        "css-what": "^6.1.0",
        "domhandler": "^5.0.2",
        "domutils": "^3.0.1",
        "nth-check": "^2.0.1"
      }
    },
    "css-what": {
      "version": "6.1.0",
      "resolved": "http://r.npm.sankuai.com/css-what/download/css-what-6.1.0.tgz",
      "integrity": "sha1-+17/z3bx3eosgb36pN5E55uscPQ="
    },
    "delayed-stream": {
      "version": "1.0.0",
      "resolved": "http://r.npm.sankuai.com/delayed-stream/download/delayed-stream-1.0.0.tgz",
      "integrity": "sha1-3zrhmayt+31ECqrgsp4icrJOxhk="
    },
    "dom-serializer": {
      "version": "2.0.0",
      "resolved": "http://r.npm.sankuai.com/dom-serializer/download/dom-serializer-2.0.0.tgz",
      "integrity": "sha1-5BuALh7t+fbK4YPOXmIteJ19jlM=",
      "requires": {
        "domelementtype": "^2.3.0",
        "domhandler": "^5.0.2",
        "entities": "^4.2.0"
      }
    },
    "domelementtype": {
      "version": "2.3.0",
      "resolved": "http://r.npm.sankuai.com/domelementtype/download/domelementtype-2.3.0.tgz",
      "integrity": "sha1-XEXo6GmVJiYzHXqrMm0B2vZdWJ0="
    },
    "domhandler": {
      "version": "5.0.3",
      "resolved": "http://r.npm.sankuai.com/domhandler/download/domhandler-5.0.3.tgz",
      "integrity": "sha1-zDhff3UfHR/GUMITdIBCVFOMfTE=",
      "requires": {
        "domelementtype": "^2.3.0"
      }
    },
    "domutils": {
      "version": "3.0.1",
      "resolved": "http://r.npm.sankuai.com/domutils/download/domutils-3.0.1.tgz",
      "integrity": "sha1-aWs4dSODOMsYa2wGEr1JAciaTxw=",
      "requires": {
        "dom-serializer": "^2.0.0",
        "domelementtype": "^2.3.0",
        "domhandler": "^5.0.1"
      }
    },
    "entities": {
      "version": "4.5.0",
      "resolved": "http://r.npm.sankuai.com/entities/download/entities-4.5.0.tgz",
      "integrity": "sha1-XSaOpecRPsdMTQM7eepaNaSI+0g="
    },
    "follow-redirects": {
      "version": "1.15.2",
      "resolved": "http://r.npm.sankuai.com/follow-redirects/download/follow-redirects-1.15.2.tgz",
      "integrity": "sha1-tGCGQUS6Y/JoEJbydMTlcCbaLBM="
    },
    "form-data": {
      "version": "4.0.0",
      "resolved": "http://r.npm.sankuai.com/form-data/download/form-data-4.0.0.tgz",
      "integrity": "sha1-k5Gdrq82HuUpWEubMWZNwSyfpFI=",
      "requires": {
        "asynckit": "^0.4.0",
        "combined-stream": "^1.0.8",
        "mime-types": "^2.1.12"
      }
    },
    "htmlparser2": {
      "version": "8.0.2",
      "resolved": "http://r.npm.sankuai.com/htmlparser2/download/htmlparser2-8.0.2.tgz",
      "integrity": "sha1-8AIVFwWzg+YkM7XPRm9bcW7a7CE=",
      "requires": {
        "domelementtype": "^2.3.0",
        "domhandler": "^5.0.3",
        "domutils": "^3.0.1",
        "entities": "^4.4.0"
      }
    },
    "mime-db": {
      "version": "1.52.0",
      "resolved": "http://r.npm.sankuai.com/mime-db/download/mime-db-1.52.0.tgz",
      "integrity": "sha1-u6vNwChZ9JhzAchW4zh85exDv3A="
    },
    "mime-types": {
      "version": "2.1.35",
      "resolved": "http://r.npm.sankuai.com/mime-types/download/mime-types-2.1.35.tgz",
      "integrity": "sha1-OBqHG2KnNEUGYK497uRIE/cNlZo=",
      "requires": {
        "mime-db": "1.52.0"
      }
    },
    "nth-check": {
      "version": "2.1.1",
      "resolved": "http://r.npm.sankuai.com/nth-check/download/nth-check-2.1.1.tgz",
      "integrity": "sha1-yeq0KO/842zWuSySS9sADvHx7R0=",
      "requires": {
        "boolbase": "^1.0.0"
      }
    },
    "parse5": {
      "version": "7.1.2",
      "resolved": "http://r.npm.sankuai.com/parse5/download/parse5-7.1.2.tgz",
      "integrity": "sha1-Bza+u/13eTgjJAojt/xeAQt/jjI=",
      "requires": {
        "entities": "^4.4.0"
      }
    },
    "parse5-htmlparser2-tree-adapter": {
      "version": "7.0.0",
      "resolved": "http://r.npm.sankuai.com/parse5-htmlparser2-tree-adapter/download/parse5-htmlparser2-tree-adapter-7.0.0.tgz",
      "integrity": "sha1-I8LMIzvPCbt766i4pp1GsIxiwvE=",
      "requires": {
        "domhandler": "^5.0.2",
        "parse5": "^7.0.0"
      }
    },
    "proxy-from-env": {
      "version": "1.1.0",
      "resolved": "http://r.npm.sankuai.com/proxy-from-env/download/proxy-from-env-1.1.0.tgz",
      "integrity": "sha1-4QLxbKNVQkhldV0sno6k8k1Yw+I="
    }
  }
}
